
Microsoft Visual Studio Solution File, Format Version 12.00
# Visual Studio 2012
Project("{FAE04EC0-301F-11D3-BF4B-00C04F79EFBC}") = "Formo", "Formo\Formo.csproj", "{4FC4675D-1050-424F-A76D-96B43E847362}"
EndProject
Project("{FAE04EC0-301F-11D3-BF4B-00C04F79EFBC}") = "Formo.Tests", "Formo.Tests\Formo.Tests.csproj", "{4C1FDCEF-70C8-422B-8CD3-B245592585D0}"
EndProject
Global
	GlobalSection(SolutionConfigurationPlatforms) = preSolution
		Debug|Any CPU = Debug|Any CPU
		Release|Any CPU = Release|Any CPU
	EndGlobalSection
	GlobalSection(ProjectConfigurationPlatforms) = postSolution
		{4FC4675D-1050-424F-A76D-96B43E847362}.Debug|Any CPU.ActiveCfg = Debug|Any CPU
		{4FC4675D-1050-424F-A76D-96B43E847362}.Debug|Any CPU.Build.0 = Debug|Any CPU
		{4FC4675D-1050-424F-A76D-96B43E847362}.Release|Any CPU.ActiveCfg = Release|Any CPU
		{4FC4675D-1050-424F-A76D-96B43E847362}.Release|Any CPU.Build.0 = Release|Any CPU
		{4C1FDCEF-70C8-422B-8CD3-B245592585D0}.Debug|Any CPU.ActiveCfg = Debug|Any CPU
		{4C1FDCEF-70C8-422B-8CD3-B245592585D0}.Debug|Any CPU.Build.0 = Debug|Any CPU
		{4C1FDCEF-70C8-422B-8CD3-B245592585D0}.Release|Any CPU.ActiveCfg = Release|Any CPU
		{4C1FDCEF-70C8-422B-8CD3-B245592585D0}.Release|Any CPU.Build.0 = Release|Any CPU
	EndGlobalSection
	GlobalSection(SolutionProperties) = preSolution
		HideSolutionNode = FALSE
	EndGlobalSection
EndGlobal
